
Microsoft Visual Studio Solution File, Format Version 12.00
# Visual Studio Version 16
VisualStudioVersion = 16.0.31911.196
MinimumVisualStudioVersion = 10.0.40219.1
Project("{FAE04EC0-301F-11D3-BF4B-00C04F79EFBC}") = "Photo_Gallery", "Photo_Gallery.csproj", "{8391B4FC-4416-48FA-8948-7FC0DFF85740}"
EndProject
Global
	GlobalSection(SolutionConfigurationPlatforms) = preSolution
		Debug|Any CPU = Debug|Any CPU
		Release|Any CPU = Release|Any CPU
	EndGlobalSection
	GlobalSection(ProjectConfigurationPlatforms) = postSolution
		{8391B4FC-4416-48FA-8948-7FC0DFF85740}.Debug|Any CPU.ActiveCfg = Debug|Any CPU
		{8391B4FC-4416-48FA-8948-7FC0DFF85740}.Debug|Any CPU.Build.0 = Debug|Any CPU
		{8391B4FC-4416-48FA-8948-7FC0DFF85740}.Release|Any CPU.ActiveCfg = Release|Any CPU
		{8391B4FC-4416-48FA-8948-7FC0DFF85740}.Release|Any CPU.Build.0 = Release|Any CPU
	EndGlobalSection
	GlobalSection(SolutionProperties) = preSolution
		HideSolutionNode = FALSE
	EndGlobalSection
	GlobalSection(ExtensibilityGlobals) = postSolution
		SolutionGuid = {E8BC8CBF-5209-487C-9CB3-3D5F4F68DC23}
	EndGlobalSection
EndGlobal
